// !$*UTF8*$!
{
	archiveVersion = 1;
	classes = {
	};
	objectVersion = 46;
	objects = {

/* Begin PBXBuildFile section */
		1B53C3661EDF55A5003EA45F /* AppDelegate.swift in Sources */ = {isa = PBXBuildFile; fileRef = 1B53C3651EDF55A5003EA45F /* AppDelegate.swift */; };
		1B53C3681EDF55A5003EA45F /* ViewController.swift in Sources */ = {isa = PBXBuildFile; fileRef = 1B53C3671EDF55A5003EA45F /* ViewController.swift */; };
		1B53C36B1EDF55A5003EA45F /* Main.storyboard in Resources */ = {isa = PBXBuildFile; fileRef = 1B53C3691EDF55A5003EA45F /* Main.storyboard */; };
		1B53C36D1EDF55A5003EA45F /* Assets.xcassets in Resources */ = {isa = PBXBuildFile; fileRef = 1B53C36C1EDF55A5003EA45F /* Assets.xcassets */; };
		1B53C3701EDF55A5003EA45F /* LaunchScreen.storyboard in Resources */ = {isa = PBXBuildFile; fileRef = 1B53C36E1EDF55A5003EA45F /* LaunchScreen.storyboard */; };
		1B53C3791EDF5922003EA45F /* CustomCollectionViewCell.swift in Sources */ = {isa = PBXBuildFile; fileRef = 1B53C3771EDF5922003EA45F /* CustomCollectionViewCell.swift */; };
		1B53C37A1EDF5922003EA45F /* CustomCollectionViewCell.xib in Resources */ = {isa = PBXBuildFile; fileRef = 1B53C3781EDF5922003EA45F /* CustomCollectionViewCell.xib */; };
		1B53C37C1EE088BA003EA45F /* CustomUIViewToLogin.swift in Sources */ = {isa = PBXBuildFile; fileRef = 1B53C37B1EE088BA003EA45F /* CustomUIViewToLogin.swift */; };
		1B53C37E1EE088CA003EA45F /* CustomUIViewToLogin.xib in Resources */ = {isa = PBXBuildFile; fileRef = 1B53C37D1EE088CA003EA45F /* CustomUIViewToLogin.xib */; };
		1B53C3801EE08D9E003EA45F /* LoginViewController.swift in Sources */ = {isa = PBXBuildFile; fileRef = 1B53C37F1EE08D9E003EA45F /* LoginViewController.swift */; };
/* End PBXBuildFile section */

/* Begin PBXFileReference section */
		1B53C3621EDF55A5003EA45F /* PrepareForReuse_CollectionView.app */ = {isa = PBXFileReference; explicitFileType = wrapper.application; includeInIndex = 0; path = PrepareForReuse_CollectionView.app; sourceTree = BUILT_PRODUCTS_DIR; };
		1B53C3651EDF55A5003EA45F /* AppDelegate.swift */ = {isa = PBXFileReference; lastKnownFileType = sourcecode.swift; path = AppDelegate.swift; sourceTree = "<group>"; };
		1B53C3671EDF55A5003EA45F /* ViewController.swift */ = {isa = PBXFileReference; lastKnownFileType = sourcecode.swift; path = ViewController.swift; sourceTree = "<group>"; };
		1B53C36A1EDF55A5003EA45F /* Base */ = {isa = PBXFileReference; lastKnownFileType = file.storyboard; name = Base; path = Base.lproj/Main.storyboard; sourceTree = "<group>"; };
		1B53C36C1EDF55A5003EA45F /* Assets.xcassets */ = {isa = PBXFileReference; lastKnownFileType = folder.assetcatalog; path = Assets.xcassets; sourceTree = "<group>"; };
		1B53C36F1EDF55A5003EA45F /* Base */ = {isa = PBXFileReference; lastKnownFileType = file.storyboard; name = Base; path = Base.lproj/LaunchScreen.storyboard; sourceTree = "<group>"; };
		1B53C3711EDF55A5003EA45F /* Info.plist */ = {isa = PBXFileReference; lastKnownFileType = text.plist.xml; path = Info.plist; sourceTree = "<group>"; };
		1B53C3771EDF5922003EA45F /* CustomCollectionViewCell.swift */ = {isa = PBXFileReference; fileEncoding = 4; lastKnownFileType = sourcecode.swift; path = CustomCollectionViewCell.swift; sourceTree = "<group>"; };
		1B53C3781EDF5922003EA45F /* CustomCollectionViewCell.xib */ = {isa = PBXFileReference; fileEncoding = 4; lastKnownFileType = file.xib; path = CustomCollectionViewCell.xib; sourceTree = "<group>"; };
		1B53C37B1EE088BA003EA45F /* CustomUIViewToLogin.swift */ = {isa = PBXFileReference; fileEncoding = 4; lastKnownFileType = sourcecode.swift; path = CustomUIViewToLogin.swift; sourceTree = "<group>"; };
		1B53C37D1EE088CA003EA45F /* CustomUIViewToLogin.xib */ = {isa = PBXFileReference; fileEncoding = 4; lastKnownFileType = file.xib; path = CustomUIViewToLogin.xib; sourceTree = "<group>"; };
		1B53C37F1EE08D9E003EA45F /* LoginViewController.swift */ = {isa = PBXFileReference; fileEncoding = 4; lastKnownFileType = sourcecode.swift; path = LoginViewController.swift; sourceTree = "<group>"; };
/* End PBXFileReference section */

/* Begin PBXFrameworksBuildPhase section */
		1B53C35F1EDF55A5003EA45F /* Frameworks */ = {
			isa = PBXFrameworksBuildPhase;
			buildActionMask = 2147483647;
			files = (
			);
			runOnlyForDeploymentPostprocessing = 0;
		};
/* End PBXFrameworksBuildPhase section */

/* Begin PBXGroup section */
		1B53C3591EDF55A5003EA45F = {
			isa = PBXGroup;
			children = (
				1B53C3641EDF55A5003EA45F /* PrepareForReuse_CollectionView */,
				1B53C3631EDF55A5003EA45F /* Products */,
			);
			sourceTree = "<group>";
		};
		1B53C3631EDF55A5003EA45F /* Products */ = {
			isa = PBXGroup;
			children = (
				1B53C3621EDF55A5003EA45F /* PrepareForReuse_CollectionView.app */,
			);
			name = Products;
			sourceTree = "<group>";
		};
		1B53C3641EDF55A5003EA45F /* PrepareForReuse_CollectionView */ = {
			isa = PBXGroup;
			children = (
				1B53C3651EDF55A5003EA45F /* AppDelegate.swift */,
				1B53C37F1EE08D9E003EA45F /* LoginViewController.swift */,
				1B53C3691EDF55A5003EA45F /* Main.storyboard */,
				1B53C37B1EE088BA003EA45F /* CustomUIViewToLogin.swift */,
				1B53C37D1EE088CA003EA45F /* CustomUIViewToLogin.xib */,
				1B53C3771EDF5922003EA45F /* CustomCollectionViewCell.swift */,
				1B53C3781EDF5922003EA45F /* CustomCollectionViewCell.xib */,
				1B53C36C1EDF55A5003EA45F /* Assets.xcassets */,
				1B53C36E1EDF55A5003EA45F /* LaunchScreen.storyboard */,
				1B53C3711EDF55A5003EA45F /* Info.plist */,
				1B53C3671EDF55A5003EA45F /* ViewController.swift */,
			);
			path = PrepareForReuse_CollectionView;
			sourceTree = "<group>";
		};
/* End PBXGroup section */

/* Begin PBXNativeTarget section */
		1B53C3611EDF55A5003EA45F /* PrepareForReuse_CollectionView */ = {
			isa = PBXNativeTarget;
			buildConfigurationList = 1B53C3741EDF55A5003EA45F /* Build configuration list for PBXNativeTarget "PrepareForReuse_CollectionView" */;
			buildPhases = (
				1B53C35E1EDF55A5003EA45F /* Sources */,
				1B53C35F1EDF55A5003EA45F /* Frameworks */,
				1B53C3601EDF55A5003EA45F /* Resources */,
			);
			buildRules = (
			);
			dependencies = (
			);
			name = PrepareForReuse_CollectionView;
			productName = PrepareForReuse_CollectionView;
			productReference = 1B53C3621EDF55A5003EA45F /* PrepareForReuse_CollectionView.app */;
			productType = "com.apple.product-type.application";
		};
/* End PBXNativeTarget section */

/* Begin PBXProject section */
		1B53C35A1EDF55A5003EA45F /* Project object */ = {
			isa = PBXProject;
			attributes = {
				LastSwiftUpdateCheck = 0820;
				LastUpgradeCheck = 0820;
				ORGANIZATIONNAME = PrepareForReuse_CollectionView;
				TargetAttributes = {
					1B53C3611EDF55A5003EA45F = {
						CreatedOnToolsVersion = 8.2.1;
						DevelopmentTeam = MJ3728BFFF;
						ProvisioningStyle = Automatic;
					};
				};
			};
			buildConfigurationList = 1B53C35D1EDF55A5003EA45F /* Build configuration list for PBXProject "PrepareForReuse_CollectionView" */;
			compatibilityVersion = "Xcode 3.2";
			developmentRegion = English;
			hasScannedForEncodings = 0;
			knownRegions = (
				en,
				Base,
			);
			mainGroup = 1B53C3591EDF55A5003EA45F;
			productRefGroup = 1B53C3631EDF55A5003EA45F /* Products */;
			projectDirPath = "";
			projectRoot = "";
			targets = (
				1B53C3611EDF55A5003EA45F /* PrepareForReuse_CollectionView */,
			);
		};
/* End PBXProject section */

/* Begin PBXResourcesBuildPhase section */
		1B53C3601EDF55A5003EA45F /* Resources */ = {
			isa = PBXResourcesBuildPhase;
			buildActionMask = 2147483647;
			files = (
				1B53C37E1EE088CA003EA45F /* CustomUIViewToLogin.xib in Resources */,
				1B53C3701EDF55A5003EA45F /* LaunchScreen.storyboard in Resources */,
				1B53C36D1EDF55A5003EA45F /* Assets.xcassets in Resources */,
				1B53C36B1EDF55A5003EA45F /* Main.storyboard in Resources */,
				1B53C37A1EDF5922003EA45F /* CustomCollectionViewCell.xib in Resources */,
			);
			runOnlyForDeploymentPostprocessing = 0;
		};
/* End PBXResourcesBuildPhase section */

/* Begin PBXSourcesBuildPhase section */
		1B53C35E1EDF55A5003EA45F /* Sources */ = {
			isa = PBXSourcesBuildPhase;
			buildActionMask = 2147483647;
			files = (
				1B53C37C1EE088BA003EA45F /* CustomUIViewToLogin.swift in Sources */,
				1B53C3681EDF55A5003EA45F /* ViewController.swift in Sources */,
				1B53C3791EDF5922003EA45F /* CustomCollectionViewCell.swift in Sources */,
				1B53C3801EE08D9E003EA45F /* LoginViewController.swift in Sources */,
				1B53C3661EDF55A5003EA45F /* AppDelegate.swift in Sources */,
			);
			runOnlyForDeploymentPostprocessing = 0;
		};
/* End PBXSourcesBuildPhase section */

/* Begin PBXVariantGroup section */
		1B53C3691EDF55A5003EA45F /* Main.storyboard */ = {
			isa = PBXVariantGroup;
			children = (
				1B53C36A1EDF55A5003EA45F /* Base */,
			);
			name = Main.storyboard;
			sourceTree = "<group>";
		};
		1B53C36E1EDF55A5003EA45F /* LaunchScreen.storyboard */ = {
			isa = PBXVariantGroup;
			children = (
				1B53C36F1EDF55A5003EA45F /* Base */,
			);
			name = LaunchScreen.storyboard;
			sourceTree = "<group>";
		};
/* End PBXVariantGroup section */

/* Begin XCBuildConfiguration section */
		1B53C3721EDF55A5003EA45F /* Debug */ = {
			isa = XCBuildConfiguration;
			buildSettings = {
				ALWAYS_SEARCH_USER_PATHS = NO;
				CLANG_ANALYZER_NONNULL = YES;
				CLANG_CXX_LANGUAGE_STANDARD = "gnu++0x";
				CLANG_CXX_LIBRARY = "libc++";
				CLANG_ENABLE_MODULES = YES;
				CLANG_ENABLE_OBJC_ARC = YES;
				CLANG_WARN_BOOL_CONVERSION = YES;
				CLANG_WARN_CONSTANT_CONVERSION = YES;
				CLANG_WARN_DIRECT_OBJC_ISA_USAGE = YES_ERROR;
				CLANG_WARN_DOCUMENTATION_COMMENTS = YES;
				CLANG_WARN_EMPTY_BODY = YES;
				CLANG_WARN_ENUM_CONVERSION = YES;
				CLANG_WARN_INFINITE_RECURSION = YES;
				CLANG_WARN_INT_CONVERSION = YES;
				CLANG_WARN_OBJC_ROOT_CLASS = YES_ERROR;
				CLANG_WARN_SUSPICIOUS_MOVE = YES;
				CLANG_WARN_UNREACHABLE_CODE = YES;
				CLANG_WARN__DUPLICATE_METHOD_MATCH = YES;
				"CODE_SIGN_IDENTITY[sdk=iphoneos*]" = "iPhone Developer";
				COPY_PHASE_STRIP = NO;
				DEBUG_INFORMATION_FORMAT = dwarf;
				ENABLE_STRICT_OBJC_MSGSEND = YES;
				ENABLE_TESTABILITY = YES;
				GCC_C_LANGUAGE_STANDARD = gnu99;
				GCC_DYNAMIC_NO_PIC = NO;
				GCC_NO_COMMON_BLOCKS = YES;
				GCC_OPTIMIZATION_LEVEL = 0;
				GCC_PREPROCESSOR_DEFINITIONS = (
					"DEBUG=1",
					"$(inherited)",
				);
				GCC_WARN_64_TO_32_BIT_CONVERSION = YES;
				GCC_WARN_ABOUT_RETURN_TYPE = YES_ERROR;
				GCC_WARN_UNDECLARED_SELECTOR = YES;
				GCC_WARN_UNINITIALIZED_AUTOS = YES_AGGRESSIVE;
				GCC_WARN_UNUSED_FUNCTION = YES;
				GCC_WARN_UNUSED_VARIABLE = YES;
				IPHONEOS_DEPLOYMENT_TARGET = 10.2;
				MTL_ENABLE_DEBUG_INFO = YES;
				ONLY_ACTIVE_ARCH = YES;
				SDKROOT = iphoneos;
				SWIFT_ACTIVE_COMPILATION_CONDITIONS = DEBUG;
				SWIFT_OPTIMIZATION_LEVEL = "-Onone";
				TARGETED_DEVICE_FAMILY = "1,2";
			};
			name = Debug;
		};
		1B53C3731EDF55A5003EA45F /* Release */ = {
			isa = XCBuildConfiguration;
			buildSettings = {
				ALWAYS_SEARCH_USER_PATHS = NO;
				CLANG_ANALYZER_NONNULL = YES;
				CLANG_CXX_LANGUAGE_STANDARD = "gnu++0x";
				CLANG_CXX_LIBRARY = "libc++";
				CLANG_ENABLE_MODULES = YES;
				CLANG_ENABLE_OBJC_ARC = YES;
				CLANG_WARN_BOOL_CONVERSION = YES;
				CLANG_WARN_CONSTANT_CONVERSION = YES;
				CLANG_WARN_DIRECT_OBJC_ISA_USAGE = YES_ERROR;
				CLANG_WARN_DOCUMENTATION_COMMENTS = YES;
				CLANG_WARN_EMPTY_BODY = YES;
				CLANG_WARN_ENUM_CONVERSION = YES;
				CLANG_WARN_INFINITE_RECURSION = YES;
				CLANG_WARN_INT_CONVERSION = YES;
				CLANG_WARN_OBJC_ROOT_CLASS = YES_ERROR;
				CLANG_WARN_SUSPICIOUS_MOVE = YES;
				CLANG_WARN_UNREACHABLE_CODE = YES;
				CLANG_WARN__DUPLICATE_METHOD_MATCH = YES;
				"CODE_SIGN_IDENTITY[sdk=iphoneos*]" = "iPhone Developer";
				COPY_PHASE_STRIP = NO;
				DEBUG_INFORMATION_FORMAT = "dwarf-with-dsym";
				ENABLE_NS_ASSERTIONS = NO;
				ENABLE_STRICT_OBJC_MSGSEND = YES;
				GCC_C_LANGUAGE_STANDARD = gnu99;
				GCC_NO_COMMON_BLOCKS = YES;
				GCC_WARN_64_TO_32_BIT_CONVERSION = YES;
				GCC_WARN_ABOUT_RETURN_TYPE = YES_ERROR;
				GCC_WARN_UNDECLARED_SELECTOR = YES;
				GCC_WARN_UNINITIALIZED_AUTOS = YES_AGGRESSIVE;
				GCC_WARN_UNUSED_FUNCTION = YES;
				GCC_WARN_UNUSED_VARIABLE = YES;
				IPHONEOS_DEPLOYMENT_TARGET = 10.2;
				MTL_ENABLE_DEBUG_INFO = NO;
				SDKROOT = iphoneos;
				SWIFT_OPTIMIZATION_LEVEL = "-Owholemodule";
				TARGETED_DEVICE_FAMILY = "1,2";
				VALIDATE_PRODUCT = YES;
			};
			name = Release;
		};
		1B53C3751EDF55A5003EA45F /* Debug */ = {
			isa = XCBuildConfiguration;
			buildSettings = {
				ASSETCATALOG_COMPILER_APPICON_NAME = AppIcon;
				DEVELOPMENT_TEAM = MJ3728BFFF;
				INFOPLIST_FILE = PrepareForReuse_CollectionView/Info.plist;
				LD_RUNPATH_SEARCH_PATHS = "$(inherited) @executable_path/Frameworks";
				PRODUCT_BUNDLE_IDENTIFIER = "PrepareForReuse-CollectionView.PrepareForReuse-CollectionView";
				PRODUCT_NAME = "$(TARGET_NAME)";
				SWIFT_VERSION = 3.0;
			};
			name = Debug;
		};
		1B53C3761EDF55A5003EA45F /* Release */ = {
			isa = XCBuildConfiguration;
			buildSettings = {
				ASSETCATALOG_COMPILER_APPICON_NAME = AppIcon;
				DEVELOPMENT_TEAM = MJ3728BFFF;
				INFOPLIST_FILE = PrepareForReuse_CollectionView/Info.plist;
				LD_RUNPATH_SEARCH_PATHS = "$(inherited) @executable_path/Frameworks";
				PRODUCT_BUNDLE_IDENTIFIER = "PrepareForReuse-CollectionView.PrepareForReuse-CollectionView";
				PRODUCT_NAME = "$(TARGET_NAME)";
				SWIFT_VERSION = 3.0;
			};
			name = Release;
		};
/* End XCBuildConfiguration section */

/* Begin XCConfigurationList section */
		1B53C35D1EDF55A5003EA45F /* Build configuration list for PBXProject "PrepareForReuse_CollectionView" */ = {
			isa = XCConfigurationList;
			buildConfigurations = (
				1B53C3721EDF55A5003EA45F /* Debug */,
				1B53C3731EDF55A5003EA45F /* Release */,
			);
			defaultConfigurationIsVisible = 0;
			defaultConfigurationName = Release;
		};
		1B53C3741EDF55A5003EA45F /* Build configuration list for PBXNativeTarget "PrepareForReuse_CollectionView" */ = {
			isa = XCConfigurationList;
			buildConfigurations = (
				1B53C3751EDF55A5003EA45F /* Debug */,
				1B53C3761EDF55A5003EA45F /* Release */,
			);
			defaultConfigurationIsVisible = 0;
		};
/* End XCConfigurationList section */
	};
	rootObject = 1B53C35A1EDF55A5003EA45F /* Project object */;
}
