// !$*UTF8*$!
{
	archiveVersion = 1;
	classes = {
	};
	objectVersion = 46;
	objects = {

/* Begin PBXBuildFile section */
		1B3EA9991EEF6691001FED41 /* AppDelegate.swift in Sources */ = {isa = PBXBuildFile; fileRef = 1B3EA9981EEF6691001FED41 /* AppDelegate.swift */; };
		1B3EA99B1EEF6692001FED41 /* ViewController.swift in Sources */ = {isa = PBXBuildFile; fileRef = 1B3EA99A1EEF6692001FED41 /* ViewController.swift */; };
		1B3EA99E1EEF6692001FED41 /* Main.storyboard in Resources */ = {isa = PBXBuildFile; fileRef = 1B3EA99C1EEF6692001FED41 /* Main.storyboard */; };
		1B3EA9A01EEF6692001FED41 /* Assets.xcassets in Resources */ = {isa = PBXBuildFile; fileRef = 1B3EA99F1EEF6692001FED41 /* Assets.xcassets */; };
		1B3EA9A31EEF6692001FED41 /* LaunchScreen.storyboard in Resources */ = {isa = PBXBuildFile; fileRef = 1B3EA9A11EEF6692001FED41 /* LaunchScreen.storyboard */; };
		1B9988EB1EF05EB000E6101C /* 3_0.jpeg in Resources */ = {isa = PBXBuildFile; fileRef = 1B9988EA1EF05EB000E6101C /* 3_0.jpeg */; };
		1B9988ED1EF05EB500E6101C /* pinMarker.png in Resources */ = {isa = PBXBuildFile; fileRef = 1B9988EC1EF05EB500E6101C /* pinMarker.png */; };
		1B9988EF1EF05FFB00E6101C /* Appconstants.swift in Sources */ = {isa = PBXBuildFile; fileRef = 1B9988EE1EF05FFB00E6101C /* Appconstants.swift */; };
		E69A2AD6CA5457AFD1896B31 /* Pods_GoogleMapExample.framework in Frameworks */ = {isa = PBXBuildFile; fileRef = DCD37AC4F1B475ACFE0A4DFE /* Pods_GoogleMapExample.framework */; };
/* End PBXBuildFile section */

/* Begin PBXFileReference section */
		1B3EA9951EEF6691001FED41 /* GoogleMapExample.app */ = {isa = PBXFileReference; explicitFileType = wrapper.application; includeInIndex = 0; path = GoogleMapExample.app; sourceTree = BUILT_PRODUCTS_DIR; };
		1B3EA9981EEF6691001FED41 /* AppDelegate.swift */ = {isa = PBXFileReference; lastKnownFileType = sourcecode.swift; path = AppDelegate.swift; sourceTree = "<group>"; };
		1B3EA99A1EEF6692001FED41 /* ViewController.swift */ = {isa = PBXFileReference; lastKnownFileType = sourcecode.swift; path = ViewController.swift; sourceTree = "<group>"; };
		1B3EA99D1EEF6692001FED41 /* Base */ = {isa = PBXFileReference; lastKnownFileType = file.storyboard; name = Base; path = Base.lproj/Main.storyboard; sourceTree = "<group>"; };
		1B3EA99F1EEF6692001FED41 /* Assets.xcassets */ = {isa = PBXFileReference; lastKnownFileType = folder.assetcatalog; path = Assets.xcassets; sourceTree = "<group>"; };
		1B3EA9A21EEF6692001FED41 /* Base */ = {isa = PBXFileReference; lastKnownFileType = file.storyboard; name = Base; path = Base.lproj/LaunchScreen.storyboard; sourceTree = "<group>"; };
		1B3EA9A41EEF6692001FED41 /* Info.plist */ = {isa = PBXFileReference; lastKnownFileType = text.plist.xml; path = Info.plist; sourceTree = "<group>"; };
		1B9988EA1EF05EB000E6101C /* 3_0.jpeg */ = {isa = PBXFileReference; lastKnownFileType = image.jpeg; path = 3_0.jpeg; sourceTree = "<group>"; };
		1B9988EC1EF05EB500E6101C /* pinMarker.png */ = {isa = PBXFileReference; lastKnownFileType = image.png; path = pinMarker.png; sourceTree = "<group>"; };
		1B9988EE1EF05FFB00E6101C /* Appconstants.swift */ = {isa = PBXFileReference; fileEncoding = 4; lastKnownFileType = sourcecode.swift; path = Appconstants.swift; sourceTree = "<group>"; };
		26AF51E7CBBD5C148C1C7E9D /* Pods-GoogleMapExample.debug.xcconfig */ = {isa = PBXFileReference; includeInIndex = 1; lastKnownFileType = text.xcconfig; name = "Pods-GoogleMapExample.debug.xcconfig"; path = "Pods/Target Support Files/Pods-GoogleMapExample/Pods-GoogleMapExample.debug.xcconfig"; sourceTree = "<group>"; };
		6BF95F0DA6A7D40C865DA8F8 /* Pods-GoogleMapExample.release.xcconfig */ = {isa = PBXFileReference; includeInIndex = 1; lastKnownFileType = text.xcconfig; name = "Pods-GoogleMapExample.release.xcconfig"; path = "Pods/Target Support Files/Pods-GoogleMapExample/Pods-GoogleMapExample.release.xcconfig"; sourceTree = "<group>"; };
		DCD37AC4F1B475ACFE0A4DFE /* Pods_GoogleMapExample.framework */ = {isa = PBXFileReference; explicitFileType = wrapper.framework; includeInIndex = 0; path = Pods_GoogleMapExample.framework; sourceTree = BUILT_PRODUCTS_DIR; };
/* End PBXFileReference section */

/* Begin PBXFrameworksBuildPhase section */
		1B3EA9921EEF6691001FED41 /* Frameworks */ = {
			isa = PBXFrameworksBuildPhase;
			buildActionMask = 2147483647;
			files = (
				E69A2AD6CA5457AFD1896B31 /* Pods_GoogleMapExample.framework in Frameworks */,
			);
			runOnlyForDeploymentPostprocessing = 0;
		};
/* End PBXFrameworksBuildPhase section */

/* Begin PBXGroup section */
		064EEC8DBF78EB22BBC36F9F /* Pods */ = {
			isa = PBXGroup;
			children = (
				26AF51E7CBBD5C148C1C7E9D /* Pods-GoogleMapExample.debug.xcconfig */,
				6BF95F0DA6A7D40C865DA8F8 /* Pods-GoogleMapExample.release.xcconfig */,
			);
			name = Pods;
			sourceTree = "<group>";
		};
		1B3EA98C1EEF6690001FED41 = {
			isa = PBXGroup;
			children = (
				1B3EA9971EEF6691001FED41 /* GoogleMapExample */,
				1B3EA9961EEF6691001FED41 /* Products */,
				064EEC8DBF78EB22BBC36F9F /* Pods */,
				33304049D50FD37BB8700A47 /* Frameworks */,
			);
			sourceTree = "<group>";
		};
		1B3EA9961EEF6691001FED41 /* Products */ = {
			isa = PBXGroup;
			children = (
				1B3EA9951EEF6691001FED41 /* GoogleMapExample.app */,
			);
			name = Products;
			sourceTree = "<group>";
		};
		1B3EA9971EEF6691001FED41 /* GoogleMapExample */ = {
			isa = PBXGroup;
			children = (
				1B3EA9981EEF6691001FED41 /* AppDelegate.swift */,
				1B9988EA1EF05EB000E6101C /* 3_0.jpeg */,
				1B9988EC1EF05EB500E6101C /* pinMarker.png */,
				1B3EA99A1EEF6692001FED41 /* ViewController.swift */,
				1B3EA99C1EEF6692001FED41 /* Main.storyboard */,
				1B3EA99F1EEF6692001FED41 /* Assets.xcassets */,
				1B3EA9A11EEF6692001FED41 /* LaunchScreen.storyboard */,
				1B3EA9A41EEF6692001FED41 /* Info.plist */,
				1B9988EE1EF05FFB00E6101C /* Appconstants.swift */,
			);
			path = GoogleMapExample;
			sourceTree = "<group>";
		};
		33304049D50FD37BB8700A47 /* Frameworks */ = {
			isa = PBXGroup;
			children = (
				DCD37AC4F1B475ACFE0A4DFE /* Pods_GoogleMapExample.framework */,
			);
			name = Frameworks;
			sourceTree = "<group>";
		};
/* End PBXGroup section */

/* Begin PBXNativeTarget section */
		1B3EA9941EEF6691001FED41 /* GoogleMapExample */ = {
			isa = PBXNativeTarget;
			buildConfigurationList = 1B3EA9A71EEF6692001FED41 /* Build configuration list for PBXNativeTarget "GoogleMapExample" */;
			buildPhases = (
				7FD94B8AB5C8822C746C18E8 /* [CP] Check Pods Manifest.lock */,
				1B3EA9911EEF6691001FED41 /* Sources */,
				1B3EA9921EEF6691001FED41 /* Frameworks */,
				1B3EA9931EEF6691001FED41 /* Resources */,
				C4A9CC70D91FF70052BE3742 /* [CP] Embed Pods Frameworks */,
				B70DEF7444E0F3137A55CFDD /* [CP] Copy Pods Resources */,
			);
			buildRules = (
			);
			dependencies = (
			);
			name = GoogleMapExample;
			productName = GoogleMapExample;
			productReference = 1B3EA9951EEF6691001FED41 /* GoogleMapExample.app */;
			productType = "com.apple.product-type.application";
		};
/* End PBXNativeTarget section */

/* Begin PBXProject section */
		1B3EA98D1EEF6690001FED41 /* Project object */ = {
			isa = PBXProject;
			attributes = {
				LastSwiftUpdateCheck = 0820;
				LastUpgradeCheck = 0820;
				ORGANIZATIONNAME = GoogleMapExample;
				TargetAttributes = {
					1B3EA9941EEF6691001FED41 = {
						CreatedOnToolsVersion = 8.2.1;
						DevelopmentTeam = MJ3728BFFF;
						ProvisioningStyle = Automatic;
					};
				};
			};
			buildConfigurationList = 1B3EA9901EEF6690001FED41 /* Build configuration list for PBXProject "GoogleMapExample" */;
			compatibilityVersion = "Xcode 3.2";
			developmentRegion = English;
			hasScannedForEncodings = 0;
			knownRegions = (
				en,
				Base,
			);
			mainGroup = 1B3EA98C1EEF6690001FED41;
			productRefGroup = 1B3EA9961EEF6691001FED41 /* Products */;
			projectDirPath = "";
			projectRoot = "";
			targets = (
				1B3EA9941EEF6691001FED41 /* GoogleMapExample */,
			);
		};
/* End PBXProject section */

/* Begin PBXResourcesBuildPhase section */
		1B3EA9931EEF6691001FED41 /* Resources */ = {
			isa = PBXResourcesBuildPhase;
			buildActionMask = 2147483647;
			files = (
				1B3EA9A31EEF6692001FED41 /* LaunchScreen.storyboard in Resources */,
				1B9988ED1EF05EB500E6101C /* pinMarker.png in Resources */,
				1B3EA9A01EEF6692001FED41 /* Assets.xcassets in Resources */,
				1B9988EB1EF05EB000E6101C /* 3_0.jpeg in Resources */,
				1B3EA99E1EEF6692001FED41 /* Main.storyboard in Resources */,
			);
			runOnlyForDeploymentPostprocessing = 0;
		};
/* End PBXResourcesBuildPhase section */

/* Begin PBXShellScriptBuildPhase section */
		7FD94B8AB5C8822C746C18E8 /* [CP] Check Pods Manifest.lock */ = {
			isa = PBXShellScriptBuildPhase;
			buildActionMask = 2147483647;
			files = (
			);
			inputPaths = (
			);
			name = "[CP] Check Pods Manifest.lock";
			outputPaths = (
			);
			runOnlyForDeploymentPostprocessing = 0;
			shellPath = /bin/sh;
			shellScript = "diff \"${PODS_ROOT}/../Podfile.lock\" \"${PODS_ROOT}/Manifest.lock\" > /dev/null\nif [[ $? != 0 ]] ; then\n    cat << EOM\nerror: The sandbox is not in sync with the Podfile.lock. Run 'pod install' or update your CocoaPods installation.\nEOM\n    exit 1\nfi\n";
			showEnvVarsInLog = 0;
		};
		B70DEF7444E0F3137A55CFDD /* [CP] Copy Pods Resources */ = {
			isa = PBXShellScriptBuildPhase;
			buildActionMask = 2147483647;
			files = (
			);
			inputPaths = (
			);
			name = "[CP] Copy Pods Resources";
			outputPaths = (
			);
			runOnlyForDeploymentPostprocessing = 0;
			shellPath = /bin/sh;
			shellScript = "\"${SRCROOT}/Pods/Target Support Files/Pods-GoogleMapExample/Pods-GoogleMapExample-resources.sh\"\n";
			showEnvVarsInLog = 0;
		};
		C4A9CC70D91FF70052BE3742 /* [CP] Embed Pods Frameworks */ = {
			isa = PBXShellScriptBuildPhase;
			buildActionMask = 2147483647;
			files = (
			);
			inputPaths = (
			);
			name = "[CP] Embed Pods Frameworks";
			outputPaths = (
			);
			runOnlyForDeploymentPostprocessing = 0;
			shellPath = /bin/sh;
			shellScript = "\"${SRCROOT}/Pods/Target Support Files/Pods-GoogleMapExample/Pods-GoogleMapExample-frameworks.sh\"\n";
			showEnvVarsInLog = 0;
		};
/* End PBXShellScriptBuildPhase section */

/* Begin PBXSourcesBuildPhase section */
		1B3EA9911EEF6691001FED41 /* Sources */ = {
			isa = PBXSourcesBuildPhase;
			buildActionMask = 2147483647;
			files = (
				1B9988EF1EF05FFB00E6101C /* Appconstants.swift in Sources */,
				1B3EA99B1EEF6692001FED41 /* ViewController.swift in Sources */,
				1B3EA9991EEF6691001FED41 /* AppDelegate.swift in Sources */,
			);
			runOnlyForDeploymentPostprocessing = 0;
		};
/* End PBXSourcesBuildPhase section */

/* Begin PBXVariantGroup section */
		1B3EA99C1EEF6692001FED41 /* Main.storyboard */ = {
			isa = PBXVariantGroup;
			children = (
				1B3EA99D1EEF6692001FED41 /* Base */,
			);
			name = Main.storyboard;
			sourceTree = "<group>";
		};
		1B3EA9A11EEF6692001FED41 /* LaunchScreen.storyboard */ = {
			isa = PBXVariantGroup;
			children = (
				1B3EA9A21EEF6692001FED41 /* Base */,
			);
			name = LaunchScreen.storyboard;
			sourceTree = "<group>";
		};
/* End PBXVariantGroup section */

/* Begin XCBuildConfiguration section */
		1B3EA9A51EEF6692001FED41 /* Debug */ = {
			isa = XCBuildConfiguration;
			buildSettings = {
				ALWAYS_SEARCH_USER_PATHS = NO;
				CLANG_ANALYZER_NONNULL = YES;
				CLANG_CXX_LANGUAGE_STANDARD = "gnu++0x";
				CLANG_CXX_LIBRARY = "libc++";
				CLANG_ENABLE_MODULES = YES;
				CLANG_ENABLE_OBJC_ARC = YES;
				CLANG_WARN_BOOL_CONVERSION = YES;
				CLANG_WARN_CONSTANT_CONVERSION = YES;
				CLANG_WARN_DIRECT_OBJC_ISA_USAGE = YES_ERROR;
				CLANG_WARN_DOCUMENTATION_COMMENTS = YES;
				CLANG_WARN_EMPTY_BODY = YES;
				CLANG_WARN_ENUM_CONVERSION = YES;
				CLANG_WARN_INFINITE_RECURSION = YES;
				CLANG_WARN_INT_CONVERSION = YES;
				CLANG_WARN_OBJC_ROOT_CLASS = YES_ERROR;
				CLANG_WARN_SUSPICIOUS_MOVE = YES;
				CLANG_WARN_UNREACHABLE_CODE = YES;
				CLANG_WARN__DUPLICATE_METHOD_MATCH = YES;
				"CODE_SIGN_IDENTITY[sdk=iphoneos*]" = "iPhone Developer";
				COPY_PHASE_STRIP = NO;
				DEBUG_INFORMATION_FORMAT = dwarf;
				ENABLE_STRICT_OBJC_MSGSEND = YES;
				ENABLE_TESTABILITY = YES;
				GCC_C_LANGUAGE_STANDARD = gnu99;
				GCC_DYNAMIC_NO_PIC = NO;
				GCC_NO_COMMON_BLOCKS = YES;
				GCC_OPTIMIZATION_LEVEL = 0;
				GCC_PREPROCESSOR_DEFINITIONS = (
					"DEBUG=1",
					"$(inherited)",
				);
				GCC_WARN_64_TO_32_BIT_CONVERSION = YES;
				GCC_WARN_ABOUT_RETURN_TYPE = YES_ERROR;
				GCC_WARN_UNDECLARED_SELECTOR = YES;
				GCC_WARN_UNINITIALIZED_AUTOS = YES_AGGRESSIVE;
				GCC_WARN_UNUSED_FUNCTION = YES;
				GCC_WARN_UNUSED_VARIABLE = YES;
				IPHONEOS_DEPLOYMENT_TARGET = 10.2;
				MTL_ENABLE_DEBUG_INFO = YES;
				ONLY_ACTIVE_ARCH = YES;
				SDKROOT = iphoneos;
				SWIFT_ACTIVE_COMPILATION_CONDITIONS = DEBUG;
				SWIFT_OPTIMIZATION_LEVEL = "-Onone";
				TARGETED_DEVICE_FAMILY = "1,2";
			};
			name = Debug;
		};
		1B3EA9A61EEF6692001FED41 /* Release */ = {
			isa = XCBuildConfiguration;
			buildSettings = {
				ALWAYS_SEARCH_USER_PATHS = NO;
				CLANG_ANALYZER_NONNULL = YES;
				CLANG_CXX_LANGUAGE_STANDARD = "gnu++0x";
				CLANG_CXX_LIBRARY = "libc++";
				CLANG_ENABLE_MODULES = YES;
				CLANG_ENABLE_OBJC_ARC = YES;
				CLANG_WARN_BOOL_CONVERSION = YES;
				CLANG_WARN_CONSTANT_CONVERSION = YES;
				CLANG_WARN_DIRECT_OBJC_ISA_USAGE = YES_ERROR;
				CLANG_WARN_DOCUMENTATION_COMMENTS = YES;
				CLANG_WARN_EMPTY_BODY = YES;
				CLANG_WARN_ENUM_CONVERSION = YES;
				CLANG_WARN_INFINITE_RECURSION = YES;
				CLANG_WARN_INT_CONVERSION = YES;
				CLANG_WARN_OBJC_ROOT_CLASS = YES_ERROR;
				CLANG_WARN_SUSPICIOUS_MOVE = YES;
				CLANG_WARN_UNREACHABLE_CODE = YES;
				CLANG_WARN__DUPLICATE_METHOD_MATCH = YES;
				"CODE_SIGN_IDENTITY[sdk=iphoneos*]" = "iPhone Developer";
				COPY_PHASE_STRIP = NO;
				DEBUG_INFORMATION_FORMAT = "dwarf-with-dsym";
				ENABLE_NS_ASSERTIONS = NO;
				ENABLE_STRICT_OBJC_MSGSEND = YES;
				GCC_C_LANGUAGE_STANDARD = gnu99;
				GCC_NO_COMMON_BLOCKS = YES;
				GCC_WARN_64_TO_32_BIT_CONVERSION = YES;
				GCC_WARN_ABOUT_RETURN_TYPE = YES_ERROR;
				GCC_WARN_UNDECLARED_SELECTOR = YES;
				GCC_WARN_UNINITIALIZED_AUTOS = YES_AGGRESSIVE;
				GCC_WARN_UNUSED_FUNCTION = YES;
				GCC_WARN_UNUSED_VARIABLE = YES;
				IPHONEOS_DEPLOYMENT_TARGET = 10.2;
				MTL_ENABLE_DEBUG_INFO = NO;
				SDKROOT = iphoneos;
				SWIFT_OPTIMIZATION_LEVEL = "-Owholemodule";
				TARGETED_DEVICE_FAMILY = "1,2";
				VALIDATE_PRODUCT = YES;
			};
			name = Release;
		};
		1B3EA9A81EEF6692001FED41 /* Debug */ = {
			isa = XCBuildConfiguration;
			baseConfigurationReference = 26AF51E7CBBD5C148C1C7E9D /* Pods-GoogleMapExample.debug.xcconfig */;
			buildSettings = {
				ASSETCATALOG_COMPILER_APPICON_NAME = AppIcon;
				DEVELOPMENT_TEAM = MJ3728BFFF;
				INFOPLIST_FILE = GoogleMapExample/Info.plist;
				LD_RUNPATH_SEARCH_PATHS = "$(inherited) @executable_path/Frameworks";
				PRODUCT_BUNDLE_IDENTIFIER = GoogleMapExample.GoogleMapExample;
				PRODUCT_NAME = "$(TARGET_NAME)";
				SWIFT_VERSION = 3.0;
			};
			name = Debug;
		};
		1B3EA9A91EEF6692001FED41 /* Release */ = {
			isa = XCBuildConfiguration;
			baseConfigurationReference = 6BF95F0DA6A7D40C865DA8F8 /* Pods-GoogleMapExample.release.xcconfig */;
			buildSettings = {
				ASSETCATALOG_COMPILER_APPICON_NAME = AppIcon;
				DEVELOPMENT_TEAM = MJ3728BFFF;
				INFOPLIST_FILE = GoogleMapExample/Info.plist;
				LD_RUNPATH_SEARCH_PATHS = "$(inherited) @executable_path/Frameworks";
				PRODUCT_BUNDLE_IDENTIFIER = GoogleMapExample.GoogleMapExample;
				PRODUCT_NAME = "$(TARGET_NAME)";
				SWIFT_VERSION = 3.0;
			};
			name = Release;
		};
/* End XCBuildConfiguration section */

/* Begin XCConfigurationList section */
		1B3EA9901EEF6690001FED41 /* Build configuration list for PBXProject "GoogleMapExample" */ = {
			isa = XCConfigurationList;
			buildConfigurations = (
				1B3EA9A51EEF6692001FED41 /* Debug */,
				1B3EA9A61EEF6692001FED41 /* Release */,
			);
			defaultConfigurationIsVisible = 0;
			defaultConfigurationName = Release;
		};
		1B3EA9A71EEF6692001FED41 /* Build configuration list for PBXNativeTarget "GoogleMapExample" */ = {
			isa = XCConfigurationList;
			buildConfigurations = (
				1B3EA9A81EEF6692001FED41 /* Debug */,
				1B3EA9A91EEF6692001FED41 /* Release */,
			);
			defaultConfigurationIsVisible = 0;
			defaultConfigurationName = Release;
		};
/* End XCConfigurationList section */
	};
	rootObject = 1B3EA98D1EEF6690001FED41 /* Project object */;
}
