PODS:
  - GoogleMaps (2.2.0):
    - GoogleMaps/Maps (= 2.2.0)
  - GoogleMaps/Base (2.2.0)
  - GoogleMaps/Maps (2.2.0):
    - GoogleMaps/Base

DEPENDENCIES:
  - GoogleMaps

SPEC CHECKSUMS:
  GoogleMaps: 104c418d61ab8a05dff06ed0784c25ea9d37da45

PODFILE CHECKSUM: d4f01664a42d9c3f29702278ba0da76d4b295cb0

COCOAPODS: 1.0.1
